
Microsoft Visual Studio Solution File, Format Version 12.00
# Visual Studio Version 16
Project("{2150E333-8FDC-42A3-9474-1A3956D46DE8}") = "App", "App", "{24240ADB-1B6B-33BC-A02D-41BEB67DF6D8}"
EndProject
Project("{2150E333-8FDC-42A3-9474-1A3956D46DE8}") = "Tests", "Tests", "{0F7EFA20-AD35-3E50-86F9-0A10C28E03EE}"
EndProject
Project("{2150E333-8FDC-42A3-9474-1A3956D46DE8}") = "ThirdParty", "ThirdParty", "{3C61B96D-CAE1-3FAD-BCEA-F81DC77B7E07}"
EndProject
Project("{2150E333-8FDC-42A3-9474-1A3956D46DE8}") = "SDL2", "ThirdParty\SDL2", "{9DBC4B51-7795-3786-9055-ED60609B6716}"
EndProject
Project("{2150E333-8FDC-42A3-9474-1A3956D46DE8}") = "Internal", "ThirdParty\SDL2\Internal", "{CBF6F76C-88F8-35F7-BCC2-C2D59EA17A61}"
EndProject
Project("{2150E333-8FDC-42A3-9474-1A3956D46DE8}") = "_CMake", "_CMake", "{5E824B2E-5F67-32B5-8DE5-EA53582C72C6}"
EndProject
Project("{8BC9CEB8-8B4A-11D0-8D11-00A0C91BC942}") = "universal_agent_manager", "universal_agent_manager.vcxproj", "{6150D675-696A-3ED2-8137-0B6EBEBD8199}"
	ProjectSection(ProjectDependencies) = postProject
		{DEF04D8D-163F-37BD-8ED3-3C155AA1DC30} = {DEF04D8D-163F-37BD-8ED3-3C155AA1DC30}
	EndProjectSection
EndProject
Project("{8BC9CEB8-8B4A-11D0-8D11-00A0C91BC942}") = "ALL_BUILD", "ALL_BUILD.vcxproj", "{87E127CD-9762-3D35-BD00-3790377ADF1A}"
	ProjectSection(ProjectDependencies) = postProject
		{DEF04D8D-163F-37BD-8ED3-3C155AA1DC30} = {DEF04D8D-163F-37BD-8ED3-3C155AA1DC30}
		{822979AF-32E1-355D-A8C2-349DA1D96641} = {822979AF-32E1-355D-A8C2-349DA1D96641}
		{3F3FD3AE-035C-39FF-9BBF-48D12243F774} = {3F3FD3AE-035C-39FF-9BBF-48D12243F774}
		{6150D675-696A-3ED2-8137-0B6EBEBD8199} = {6150D675-696A-3ED2-8137-0B6EBEBD8199}
	EndProjectSection
EndProject
Project("{8BC9CEB8-8B4A-11D0-8D11-00A0C91BC942}") = "RUN_TESTS", "RUN_TESTS.vcxproj", "{E7076F8E-39BA-3D3A-ACF5-DFFCAA9326E7}"
	ProjectSection(ProjectDependencies) = postProject
	EndProjectSection
EndProject
Project("{8BC9CEB8-8B4A-11D0-8D11-00A0C91BC942}") = "SDL2-static", "_deps\sdl2-build\SDL2-static.vcxproj", "{DEF04D8D-163F-37BD-8ED3-3C155AA1DC30}"
	ProjectSection(ProjectDependencies) = postProject
		{5876BC45-7634-392E-8A5F-B5DBD6D485CD} = {5876BC45-7634-392E-8A5F-B5DBD6D485CD}
	EndProjectSection
EndProject
Project("{8BC9CEB8-8B4A-11D0-8D11-00A0C91BC942}") = "SDL2main", "_deps\sdl2-build\SDL2main.vcxproj", "{822979AF-32E1-355D-A8C2-349DA1D96641}"
	ProjectSection(ProjectDependencies) = postProject
		{5876BC45-7634-392E-8A5F-B5DBD6D485CD} = {5876BC45-7634-392E-8A5F-B5DBD6D485CD}
	EndProjectSection
EndProject
Project("{8BC9CEB8-8B4A-11D0-8D11-00A0C91BC942}") = "sdl_headers_copy", "_deps\sdl2-build\sdl_headers_copy.vcxproj", "{5876BC45-7634-392E-8A5F-B5DBD6D485CD}"
	ProjectSection(ProjectDependencies) = postProject
	EndProjectSection
EndProject
Project("{8BC9CEB8-8B4A-11D0-8D11-00A0C91BC942}") = "uam_core_tests", "uam_core_tests.vcxproj", "{3F3FD3AE-035C-39FF-9BBF-48D12243F774}"
	ProjectSection(ProjectDependencies) = postProject
	EndProjectSection
EndProject
Global
	GlobalSection(SolutionConfigurationPlatforms) = preSolution
		Debug|x64 = Debug|x64
		Release|x64 = Release|x64
		MinSizeRel|x64 = MinSizeRel|x64
		RelWithDebInfo|x64 = RelWithDebInfo|x64
	EndGlobalSection
	GlobalSection(ProjectConfigurationPlatforms) = postSolution
		{6150D675-696A-3ED2-8137-0B6EBEBD8199}.Debug|x64.ActiveCfg = Debug|x64
		{6150D675-696A-3ED2-8137-0B6EBEBD8199}.Debug|x64.Build.0 = Debug|x64
		{6150D675-696A-3ED2-8137-0B6EBEBD8199}.Release|x64.ActiveCfg = Release|x64
		{6150D675-696A-3ED2-8137-0B6EBEBD8199}.Release|x64.Build.0 = Release|x64
		{6150D675-696A-3ED2-8137-0B6EBEBD8199}.MinSizeRel|x64.ActiveCfg = MinSizeRel|x64
		{6150D675-696A-3ED2-8137-0B6EBEBD8199}.MinSizeRel|x64.Build.0 = MinSizeRel|x64
		{6150D675-696A-3ED2-8137-0B6EBEBD8199}.RelWithDebInfo|x64.ActiveCfg = RelWithDebInfo|x64
		{6150D675-696A-3ED2-8137-0B6EBEBD8199}.RelWithDebInfo|x64.Build.0 = RelWithDebInfo|x64
		{87E127CD-9762-3D35-BD00-3790377ADF1A}.Debug|x64.ActiveCfg = Debug|x64
		{87E127CD-9762-3D35-BD00-3790377ADF1A}.Release|x64.ActiveCfg = Release|x64
		{87E127CD-9762-3D35-BD00-3790377ADF1A}.MinSizeRel|x64.ActiveCfg = MinSizeRel|x64
		{87E127CD-9762-3D35-BD00-3790377ADF1A}.RelWithDebInfo|x64.ActiveCfg = RelWithDebInfo|x64
		{E7076F8E-39BA-3D3A-ACF5-DFFCAA9326E7}.Debug|x64.ActiveCfg = Debug|x64
		{E7076F8E-39BA-3D3A-ACF5-DFFCAA9326E7}.Release|x64.ActiveCfg = Release|x64
		{E7076F8E-39BA-3D3A-ACF5-DFFCAA9326E7}.MinSizeRel|x64.ActiveCfg = MinSizeRel|x64
		{E7076F8E-39BA-3D3A-ACF5-DFFCAA9326E7}.RelWithDebInfo|x64.ActiveCfg = RelWithDebInfo|x64
		{DEF04D8D-163F-37BD-8ED3-3C155AA1DC30}.Debug|x64.ActiveCfg = Debug|x64
		{DEF04D8D-163F-37BD-8ED3-3C155AA1DC30}.Debug|x64.Build.0 = Debug|x64
		{DEF04D8D-163F-37BD-8ED3-3C155AA1DC30}.Release|x64.ActiveCfg = Release|x64
		{DEF04D8D-163F-37BD-8ED3-3C155AA1DC30}.Release|x64.Build.0 = Release|x64
		{DEF04D8D-163F-37BD-8ED3-3C155AA1DC30}.MinSizeRel|x64.ActiveCfg = MinSizeRel|x64
		{DEF04D8D-163F-37BD-8ED3-3C155AA1DC30}.MinSizeRel|x64.Build.0 = MinSizeRel|x64
		{DEF04D8D-163F-37BD-8ED3-3C155AA1DC30}.RelWithDebInfo|x64.ActiveCfg = RelWithDebInfo|x64
		{DEF04D8D-163F-37BD-8ED3-3C155AA1DC30}.RelWithDebInfo|x64.Build.0 = RelWithDebInfo|x64
		{822979AF-32E1-355D-A8C2-349DA1D96641}.Debug|x64.ActiveCfg = Debug|x64
		{822979AF-32E1-355D-A8C2-349DA1D96641}.Debug|x64.Build.0 = Debug|x64
		{822979AF-32E1-355D-A8C2-349DA1D96641}.Release|x64.ActiveCfg = Release|x64
		{822979AF-32E1-355D-A8C2-349DA1D96641}.Release|x64.Build.0 = Release|x64
		{822979AF-32E1-355D-A8C2-349DA1D96641}.MinSizeRel|x64.ActiveCfg = MinSizeRel|x64
		{822979AF-32E1-355D-A8C2-349DA1D96641}.MinSizeRel|x64.Build.0 = MinSizeRel|x64
		{822979AF-32E1-355D-A8C2-349DA1D96641}.RelWithDebInfo|x64.ActiveCfg = RelWithDebInfo|x64
		{822979AF-32E1-355D-A8C2-349DA1D96641}.RelWithDebInfo|x64.Build.0 = RelWithDebInfo|x64
		{5876BC45-7634-392E-8A5F-B5DBD6D485CD}.Debug|x64.ActiveCfg = Debug|x64
		{5876BC45-7634-392E-8A5F-B5DBD6D485CD}.Debug|x64.Build.0 = Debug|x64
		{5876BC45-7634-392E-8A5F-B5DBD6D485CD}.Release|x64.ActiveCfg = Release|x64
		{5876BC45-7634-392E-8A5F-B5DBD6D485CD}.Release|x64.Build.0 = Release|x64
		{5876BC45-7634-392E-8A5F-B5DBD6D485CD}.MinSizeRel|x64.ActiveCfg = MinSizeRel|x64
		{5876BC45-7634-392E-8A5F-B5DBD6D485CD}.MinSizeRel|x64.Build.0 = MinSizeRel|x64
		{5876BC45-7634-392E-8A5F-B5DBD6D485CD}.RelWithDebInfo|x64.ActiveCfg = RelWithDebInfo|x64
		{5876BC45-7634-392E-8A5F-B5DBD6D485CD}.RelWithDebInfo|x64.Build.0 = RelWithDebInfo|x64
		{3F3FD3AE-035C-39FF-9BBF-48D12243F774}.Debug|x64.ActiveCfg = Debug|x64
		{3F3FD3AE-035C-39FF-9BBF-48D12243F774}.Debug|x64.Build.0 = Debug|x64
		{3F3FD3AE-035C-39FF-9BBF-48D12243F774}.Release|x64.ActiveCfg = Release|x64
		{3F3FD3AE-035C-39FF-9BBF-48D12243F774}.Release|x64.Build.0 = Release|x64
		{3F3FD3AE-035C-39FF-9BBF-48D12243F774}.MinSizeRel|x64.ActiveCfg = MinSizeRel|x64
		{3F3FD3AE-035C-39FF-9BBF-48D12243F774}.MinSizeRel|x64.Build.0 = MinSizeRel|x64
		{3F3FD3AE-035C-39FF-9BBF-48D12243F774}.RelWithDebInfo|x64.ActiveCfg = RelWithDebInfo|x64
		{3F3FD3AE-035C-39FF-9BBF-48D12243F774}.RelWithDebInfo|x64.Build.0 = RelWithDebInfo|x64
	EndGlobalSection
	GlobalSection(NestedProjects) = preSolution
		{6150D675-696A-3ED2-8137-0B6EBEBD8199} = {24240ADB-1B6B-33BC-A02D-41BEB67DF6D8}
		{3F3FD3AE-035C-39FF-9BBF-48D12243F774} = {0F7EFA20-AD35-3E50-86F9-0A10C28E03EE}
		{9DBC4B51-7795-3786-9055-ED60609B6716} = {3C61B96D-CAE1-3FAD-BCEA-F81DC77B7E07}
		{CBF6F76C-88F8-35F7-BCC2-C2D59EA17A61} = {9DBC4B51-7795-3786-9055-ED60609B6716}
		{DEF04D8D-163F-37BD-8ED3-3C155AA1DC30} = {9DBC4B51-7795-3786-9055-ED60609B6716}
		{822979AF-32E1-355D-A8C2-349DA1D96641} = {CBF6F76C-88F8-35F7-BCC2-C2D59EA17A61}
		{5876BC45-7634-392E-8A5F-B5DBD6D485CD} = {CBF6F76C-88F8-35F7-BCC2-C2D59EA17A61}
		{87E127CD-9762-3D35-BD00-3790377ADF1A} = {5E824B2E-5F67-32B5-8DE5-EA53582C72C6}
		{E7076F8E-39BA-3D3A-ACF5-DFFCAA9326E7} = {5E824B2E-5F67-32B5-8DE5-EA53582C72C6}
	EndGlobalSection
	GlobalSection(ExtensibilityGlobals) = postSolution
		SolutionGuid = {DBDB6DB9-E3BE-34BD-A194-24D453DAB379}
	EndGlobalSection
	GlobalSection(ExtensibilityAddIns) = postSolution
	EndGlobalSection
EndGlobal
